
Microsoft Visual Studio Solution File, Format Version 12.00
# Visual Studio Version 16
VisualStudioVersion = 16.0.31112.23
MinimumVisualStudioVersion = 10.0.40219.1
Project("{FAE04EC0-301F-11D3-BF4B-00C04F79EFBC}") = "HelloWorldLibrary", "HelloWorldLibrary\HelloWorldLibrary.csproj", "{31CD1F5F-FB71-4539-8CEE-14301E7DF517}"
EndProject
Project("{FAE04EC0-301F-11D3-BF4B-00C04F79EFBC}") = "HelloWorldTest", "HelloWorldTest\HelloWorldTest.csproj", "{33319BA5-1BC0-4EB0-954A-48D0BB171F07}"
EndProject
Global
	GlobalSection(SolutionConfigurationPlatforms) = preSolution
		Debug|Any CPU = Debug|Any CPU
		Release|Any CPU = Release|Any CPU
	EndGlobalSection
	GlobalSection(ProjectConfigurationPlatforms) = postSolution
		{31CD1F5F-FB71-4539-8CEE-14301E7DF517}.Debug|Any CPU.ActiveCfg = Debug|Any CPU
		{31CD1F5F-FB71-4539-8CEE-14301E7DF517}.Debug|Any CPU.Build.0 = Debug|Any CPU
		{31CD1F5F-FB71-4539-8CEE-14301E7DF517}.Release|Any CPU.ActiveCfg = Release|Any CPU
		{31CD1F5F-FB71-4539-8CEE-14301E7DF517}.Release|Any CPU.Build.0 = Release|Any CPU
		{33319BA5-1BC0-4EB0-954A-48D0BB171F07}.Debug|Any CPU.ActiveCfg = Debug|Any CPU
		{33319BA5-1BC0-4EB0-954A-48D0BB171F07}.Debug|Any CPU.Build.0 = Debug|Any CPU
		{33319BA5-1BC0-4EB0-954A-48D0BB171F07}.Release|Any CPU.ActiveCfg = Release|Any CPU
		{33319BA5-1BC0-4EB0-954A-48D0BB171F07}.Release|Any CPU.Build.0 = Release|Any CPU
	EndGlobalSection
	GlobalSection(SolutionProperties) = preSolution
		HideSolutionNode = FALSE
	EndGlobalSection
	GlobalSection(ExtensibilityGlobals) = postSolution
		SolutionGuid = {73C33FCA-158A-4E70-A7BF-F404201FB563}
	EndGlobalSection
EndGlobal
